
Microsoft Visual Studio Solution File, Format Version 12.00
# Visual Studio for Mac
Project("{FAE04EC0-301F-11D3-BF4B-00C04F79EFBC}") = "Shader Learn", "Assembly-CSharp.csproj", "{B20898F8-0835-F45E-D094-40CB4B996725}"
EndProject
Project("{FAE04EC0-301F-11D3-BF4B-00C04F79EFBC}") = "Shader Learn", "Assembly-CSharp-Editor.csproj", "{713536BC-9FAF-ED7E-1DE1-DBC0BD1E811E}"
EndProject
Global
	GlobalSection(SolutionConfigurationPlatforms) = preSolution
		Debug|Any CPU = Debug|Any CPU
		Release|Any CPU = Release|Any CPU
	EndGlobalSection
	GlobalSection(ProjectConfigurationPlatforms) = postSolution
		{B20898F8-0835-F45E-D094-40CB4B996725}.Debug|Any CPU.ActiveCfg = Debug|Any CPU
		{B20898F8-0835-F45E-D094-40CB4B996725}.Debug|Any CPU.Build.0 = Debug|Any CPU
		{B20898F8-0835-F45E-D094-40CB4B996725}.Release|Any CPU.ActiveCfg = Release|Any CPU
		{B20898F8-0835-F45E-D094-40CB4B996725}.Release|Any CPU.Build.0 = Release|Any CPU
		{713536BC-9FAF-ED7E-1DE1-DBC0BD1E811E}.Debug|Any CPU.ActiveCfg = Debug|Any CPU
		{713536BC-9FAF-ED7E-1DE1-DBC0BD1E811E}.Debug|Any CPU.Build.0 = Debug|Any CPU
		{713536BC-9FAF-ED7E-1DE1-DBC0BD1E811E}.Release|Any CPU.ActiveCfg = Release|Any CPU
		{713536BC-9FAF-ED7E-1DE1-DBC0BD1E811E}.Release|Any CPU.Build.0 = Release|Any CPU
	EndGlobalSection
	GlobalSection(SolutionProperties) = preSolution
		HideSolutionNode = FALSE
	EndGlobalSection
EndGlobal
